// !$*UTF8*$!
{
	archiveVersion = 1;
	classes = {
	};
	objectVersion = 50;
	objects = {

/* Begin PBXBuildFile section */
		825205AC2538AAD200902B7B /* AppDelegate.swift in Sources */ = {isa = PBXBuildFile; fileRef = 825205AB2538AAD200902B7B /* AppDelegate.swift */; };
		825205AE2538AAD200902B7B /* SceneDelegate.swift in Sources */ = {isa = PBXBuildFile; fileRef = 825205AD2538AAD200902B7B /* SceneDelegate.swift */; };
		825205B02538AAD200902B7B /* ViewController.swift in Sources */ = {isa = PBXBuildFile; fileRef = 825205AF2538AAD200902B7B /* ViewController.swift */; };
		825205B52538AAD400902B7B /* Assets.xcassets in Resources */ = {isa = PBXBuildFile; fileRef = 825205B42538AAD400902B7B /* Assets.xcassets */; };
		825205B82538AAD400902B7B /* LaunchScreen.storyboard in Resources */ = {isa = PBXBuildFile; fileRef = 825205B62538AAD400902B7B /* LaunchScreen.storyboard */; };
		825205C02538C75500902B7B /* File.swift in Sources */ = {isa = PBXBuildFile; fileRef = 825205BF2538C75500902B7B /* File.swift */; };
		825205C6253E13A800902B7B /* TableTableViewController.swift in Sources */ = {isa = PBXBuildFile; fileRef = 825205C5253E13A800902B7B /* TableTableViewController.swift */; };
		825205C8253E156300902B7B /* TableViewCell.swift in Sources */ = {isa = PBXBuildFile; fileRef = 825205C7253E156300902B7B /* TableViewCell.swift */; };
		825205CA253E1F3E00902B7B /* VCViewController.swift in Sources */ = {isa = PBXBuildFile; fileRef = 825205C9253E1F3E00902B7B /* VCViewController.swift */; };
		82B857BF253F849600E9BA51 /* Main.storyboard in Resources */ = {isa = PBXBuildFile; fileRef = 82B857BE253F849600E9BA51 /* Main.storyboard */; };
		82B857C1254083F300E9BA51 /* planingViewController.swift in Sources */ = {isa = PBXBuildFile; fileRef = 82B857C0254083F300E9BA51 /* planingViewController.swift */; };
		82B857C52540DDB500E9BA51 /* login.swift in Sources */ = {isa = PBXBuildFile; fileRef = 82B857C42540DDB500E9BA51 /* login.swift */; };
		82B857C72540DDEC00E9BA51 /* signup.swift in Sources */ = {isa = PBXBuildFile; fileRef = 82B857C62540DDEC00E9BA51 /* signup.swift */; };
/* End PBXBuildFile section */

/* Begin PBXFileReference section */
		825205A82538AAD200902B7B /* diabetes.app */ = {isa = PBXFileReference; explicitFileType = wrapper.application; includeInIndex = 0; path = diabetes.app; sourceTree = BUILT_PRODUCTS_DIR; };
		825205AB2538AAD200902B7B /* AppDelegate.swift */ = {isa = PBXFileReference; lastKnownFileType = sourcecode.swift; path = AppDelegate.swift; sourceTree = "<group>"; };
		825205AD2538AAD200902B7B /* SceneDelegate.swift */ = {isa = PBXFileReference; lastKnownFileType = sourcecode.swift; path = SceneDelegate.swift; sourceTree = "<group>"; };
		825205AF2538AAD200902B7B /* ViewController.swift */ = {isa = PBXFileReference; lastKnownFileType = sourcecode.swift; path = ViewController.swift; sourceTree = "<group>"; };
		825205B42538AAD400902B7B /* Assets.xcassets */ = {isa = PBXFileReference; lastKnownFileType = folder.assetcatalog; path = Assets.xcassets; sourceTree = "<group>"; };
		825205B72538AAD400902B7B /* Base */ = {isa = PBXFileReference; lastKnownFileType = file.storyboard; name = Base; path = Base.lproj/LaunchScreen.storyboard; sourceTree = "<group>"; };
		825205B92538AAD400902B7B /* Info.plist */ = {isa = PBXFileReference; lastKnownFileType = text.plist.xml; path = Info.plist; sourceTree = "<group>"; };
		825205BF2538C75500902B7B /* File.swift */ = {isa = PBXFileReference; lastKnownFileType = sourcecode.swift; path = File.swift; sourceTree = "<group>"; };
		825205C5253E13A800902B7B /* TableTableViewController.swift */ = {isa = PBXFileReference; lastKnownFileType = sourcecode.swift; path = TableTableViewController.swift; sourceTree = "<group>"; };
		825205C7253E156300902B7B /* TableViewCell.swift */ = {isa = PBXFileReference; lastKnownFileType = sourcecode.swift; path = TableViewCell.swift; sourceTree = "<group>"; };
		825205C9253E1F3E00902B7B /* VCViewController.swift */ = {isa = PBXFileReference; lastKnownFileType = sourcecode.swift; path = VCViewController.swift; sourceTree = "<group>"; };
		82B857BE253F849600E9BA51 /* Main.storyboard */ = {isa = PBXFileReference; fileEncoding = 4; lastKnownFileType = file.storyboard; name = Main.storyboard; path = ../../../../../../../.Trash/Main.storyboard; sourceTree = "<group>"; };
		82B857C0254083F300E9BA51 /* planingViewController.swift */ = {isa = PBXFileReference; lastKnownFileType = sourcecode.swift; path = planingViewController.swift; sourceTree = "<group>"; };
		82B857C42540DDB500E9BA51 /* login.swift */ = {isa = PBXFileReference; lastKnownFileType = sourcecode.swift; path = login.swift; sourceTree = "<group>"; };
		82B857C62540DDEC00E9BA51 /* signup.swift */ = {isa = PBXFileReference; lastKnownFileType = sourcecode.swift; path = signup.swift; sourceTree = "<group>"; };
/* End PBXFileReference section */

/* Begin PBXFrameworksBuildPhase section */
		825205A52538AAD200902B7B /* Frameworks */ = {
			isa = PBXFrameworksBuildPhase;
			buildActionMask = 2147483647;
			files = (
			);
			runOnlyForDeploymentPostprocessing = 0;
		};
/* End PBXFrameworksBuildPhase section */

/* Begin PBXGroup section */
		8252059F2538AAD200902B7B = {
			isa = PBXGroup;
			children = (
				825205AA2538AAD200902B7B /* diabetes */,
				825205A92538AAD200902B7B /* Products */,
			);
			sourceTree = "<group>";
		};
		825205A92538AAD200902B7B /* Products */ = {
			isa = PBXGroup;
			children = (
				825205A82538AAD200902B7B /* diabetes.app */,
			);
			name = Products;
			sourceTree = "<group>";
		};
		825205AA2538AAD200902B7B /* diabetes */ = {
			isa = PBXGroup;
			children = (
				825205AB2538AAD200902B7B /* AppDelegate.swift */,
				825205BF2538C75500902B7B /* File.swift */,
				825205AD2538AAD200902B7B /* SceneDelegate.swift */,
				825205AF2538AAD200902B7B /* ViewController.swift */,
				82B857C0254083F300E9BA51 /* planingViewController.swift */,
				82B857BE253F849600E9BA51 /* Main.storyboard */,
				82B857C62540DDEC00E9BA51 /* signup.swift */,
				82B857C42540DDB500E9BA51 /* login.swift */,
				825205C9253E1F3E00902B7B /* VCViewController.swift */,
				825205C5253E13A800902B7B /* TableTableViewController.swift */,
				825205C7253E156300902B7B /* TableViewCell.swift */,
				825205B42538AAD400902B7B /* Assets.xcassets */,
				825205B62538AAD400902B7B /* LaunchScreen.storyboard */,
				825205B92538AAD400902B7B /* Info.plist */,
			);
			path = diabetes;
			sourceTree = "<group>";
		};
/* End PBXGroup section */

/* Begin PBXNativeTarget section */
		825205A72538AAD200902B7B /* diabetes */ = {
			isa = PBXNativeTarget;
			buildConfigurationList = 825205BC2538AAD400902B7B /* Build configuration list for PBXNativeTarget "diabetes" */;
			buildPhases = (
				825205A42538AAD200902B7B /* Sources */,
				825205A52538AAD200902B7B /* Frameworks */,
				825205A62538AAD200902B7B /* Resources */,
			);
			buildRules = (
			);
			dependencies = (
			);
			name = diabetes;
			productName = diabetes;
			productReference = 825205A82538AAD200902B7B /* diabetes.app */;
			productType = "com.apple.product-type.application";
		};
/* End PBXNativeTarget section */

/* Begin PBXProject section */
		825205A02538AAD200902B7B /* Project object */ = {
			isa = PBXProject;
			attributes = {
				LastSwiftUpdateCheck = 1160;
				LastUpgradeCheck = 1160;
				ORGANIZATIONNAME = fajer;
				TargetAttributes = {
					825205A72538AAD200902B7B = {
						CreatedOnToolsVersion = 11.6;
					};
				};
			};
			buildConfigurationList = 825205A32538AAD200902B7B /* Build configuration list for PBXProject "diabetes" */;
			compatibilityVersion = "Xcode 9.3";
			developmentRegion = en;
			hasScannedForEncodings = 0;
			knownRegions = (
				en,
				Base,
			);
			mainGroup = 8252059F2538AAD200902B7B;
			productRefGroup = 825205A92538AAD200902B7B /* Products */;
			projectDirPath = "";
			projectRoot = "";
			targets = (
				825205A72538AAD200902B7B /* diabetes */,
			);
		};
/* End PBXProject section */

/* Begin PBXResourcesBuildPhase section */
		825205A62538AAD200902B7B /* Resources */ = {
			isa = PBXResourcesBuildPhase;
			buildActionMask = 2147483647;
			files = (
				82B857BF253F849600E9BA51 /* Main.storyboard in Resources */,
				825205B82538AAD400902B7B /* LaunchScreen.storyboard in Resources */,
				825205B52538AAD400902B7B /* Assets.xcassets in Resources */,
			);
			runOnlyForDeploymentPostprocessing = 0;
		};
/* End PBXResourcesBuildPhase section */

/* Begin PBXSourcesBuildPhase section */
		825205A42538AAD200902B7B /* Sources */ = {
			isa = PBXSourcesBuildPhase;
			buildActionMask = 2147483647;
			files = (
				825205C6253E13A800902B7B /* TableTableViewController.swift in Sources */,
				825205B02538AAD200902B7B /* ViewController.swift in Sources */,
				825205C02538C75500902B7B /* File.swift in Sources */,
				825205C8253E156300902B7B /* TableViewCell.swift in Sources */,
				82B857C52540DDB500E9BA51 /* login.swift in Sources */,
				825205AC2538AAD200902B7B /* AppDelegate.swift in Sources */,
				825205AE2538AAD200902B7B /* SceneDelegate.swift in Sources */,
				82B857C72540DDEC00E9BA51 /* signup.swift in Sources */,
				82B857C1254083F300E9BA51 /* planingViewController.swift in Sources */,
				825205CA253E1F3E00902B7B /* VCViewController.swift in Sources */,
			);
			runOnlyForDeploymentPostprocessing = 0;
		};
/* End PBXSourcesBuildPhase section */

/* Begin PBXVariantGroup section */
		825205B62538AAD400902B7B /* LaunchScreen.storyboard */ = {
			isa = PBXVariantGroup;
			children = (
				825205B72538AAD400902B7B /* Base */,
			);
			name = LaunchScreen.storyboard;
			sourceTree = "<group>";
		};
/* End PBXVariantGroup section */

/* Begin XCBuildConfiguration section */
		825205BA2538AAD400902B7B /* Debug */ = {
			isa = XCBuildConfiguration;
			buildSettings = {
				ALWAYS_SEARCH_USER_PATHS = NO;
				CLANG_ANALYZER_NONNULL = YES;
				CLANG_ANALYZER_NUMBER_OBJECT_CONVERSION = YES_AGGRESSIVE;
				CLANG_CXX_LANGUAGE_STANDARD = "gnu++14";
				CLANG_CXX_LIBRARY = "libc++";
				CLANG_ENABLE_MODULES = YES;
				CLANG_ENABLE_OBJC_ARC = YES;
				CLANG_ENABLE_OBJC_WEAK = YES;
				CLANG_WARN_BLOCK_CAPTURE_AUTORELEASING = YES;
				CLANG_WARN_BOOL_CONVERSION = YES;
				CLANG_WARN_COMMA = YES;
				CLANG_WARN_CONSTANT_CONVERSION = YES;
				CLANG_WARN_DEPRECATED_OBJC_IMPLEMENTATIONS = YES;
				CLANG_WARN_DIRECT_OBJC_ISA_USAGE = YES_ERROR;
				CLANG_WARN_DOCUMENTATION_COMMENTS = YES;
				CLANG_WARN_EMPTY_BODY = YES;
				CLANG_WARN_ENUM_CONVERSION = YES;
				CLANG_WARN_INFINITE_RECURSION = YES;
				CLANG_WARN_INT_CONVERSION = YES;
				CLANG_WARN_NON_LITERAL_NULL_CONVERSION = YES;
				CLANG_WARN_OBJC_IMPLICIT_RETAIN_SELF = YES;
				CLANG_WARN_OBJC_LITERAL_CONVERSION = YES;
				CLANG_WARN_OBJC_ROOT_CLASS = YES_ERROR;
				CLANG_WARN_RANGE_LOOP_ANALYSIS = YES;
				CLANG_WARN_STRICT_PROTOTYPES = YES;
				CLANG_WARN_SUSPICIOUS_MOVE = YES;
				CLANG_WARN_UNGUARDED_AVAILABILITY = YES_AGGRESSIVE;
				CLANG_WARN_UNREACHABLE_CODE = YES;
				CLANG_WARN__DUPLICATE_METHOD_MATCH = YES;
				COPY_PHASE_STRIP = NO;
				DEBUG_INFORMATION_FORMAT = dwarf;
				ENABLE_STRICT_OBJC_MSGSEND = YES;
				ENABLE_TESTABILITY = YES;
				GCC_C_LANGUAGE_STANDARD = gnu11;
				GCC_DYNAMIC_NO_PIC = NO;
				GCC_NO_COMMON_BLOCKS = YES;
				GCC_OPTIMIZATION_LEVEL = 0;
				GCC_PREPROCESSOR_DEFINITIONS = (
					"DEBUG=1",
					"$(inherited)",
				);
				GCC_WARN_64_TO_32_BIT_CONVERSION = YES;
				GCC_WARN_ABOUT_RETURN_TYPE = YES_ERROR;
				GCC_WARN_UNDECLARED_SELECTOR = YES;
				GCC_WARN_UNINITIALIZED_AUTOS = YES_AGGRESSIVE;
				GCC_WARN_UNUSED_FUNCTION = YES;
				GCC_WARN_UNUSED_VARIABLE = YES;
				IPHONEOS_DEPLOYMENT_TARGET = 13.6;
				MTL_ENABLE_DEBUG_INFO = INCLUDE_SOURCE;
				MTL_FAST_MATH = YES;
				ONLY_ACTIVE_ARCH = YES;
				SDKROOT = iphoneos;
				SWIFT_ACTIVE_COMPILATION_CONDITIONS = DEBUG;
				SWIFT_OPTIMIZATION_LEVEL = "-Onone";
			};
			name = Debug;
		};
		825205BB2538AAD400902B7B /* Release */ = {
			isa = XCBuildConfiguration;
			buildSettings = {
				ALWAYS_SEARCH_USER_PATHS = NO;
				CLANG_ANALYZER_NONNULL = YES;
				CLANG_ANALYZER_NUMBER_OBJECT_CONVERSION = YES_AGGRESSIVE;
				CLANG_CXX_LANGUAGE_STANDARD = "gnu++14";
				CLANG_CXX_LIBRARY = "libc++";
				CLANG_ENABLE_MODULES = YES;
				CLANG_ENABLE_OBJC_ARC = YES;
				CLANG_ENABLE_OBJC_WEAK = YES;
				CLANG_WARN_BLOCK_CAPTURE_AUTORELEASING = YES;
				CLANG_WARN_BOOL_CONVERSION = YES;
				CLANG_WARN_COMMA = YES;
				CLANG_WARN_CONSTANT_CONVERSION = YES;
				CLANG_WARN_DEPRECATED_OBJC_IMPLEMENTATIONS = YES;
				CLANG_WARN_DIRECT_OBJC_ISA_USAGE = YES_ERROR;
				CLANG_WARN_DOCUMENTATION_COMMENTS = YES;
				CLANG_WARN_EMPTY_BODY = YES;
				CLANG_WARN_ENUM_CONVERSION = YES;
				CLANG_WARN_INFINITE_RECURSION = YES;
				CLANG_WARN_INT_CONVERSION = YES;
				CLANG_WARN_NON_LITERAL_NULL_CONVERSION = YES;
				CLANG_WARN_OBJC_IMPLICIT_RETAIN_SELF = YES;
				CLANG_WARN_OBJC_LITERAL_CONVERSION = YES;
				CLANG_WARN_OBJC_ROOT_CLASS = YES_ERROR;
				CLANG_WARN_RANGE_LOOP_ANALYSIS = YES;
				CLANG_WARN_STRICT_PROTOTYPES = YES;
				CLANG_WARN_SUSPICIOUS_MOVE = YES;
				CLANG_WARN_UNGUARDED_AVAILABILITY = YES_AGGRESSIVE;
				CLANG_WARN_UNREACHABLE_CODE = YES;
				CLANG_WARN__DUPLICATE_METHOD_MATCH = YES;
				COPY_PHASE_STRIP = NO;
				DEBUG_INFORMATION_FORMAT = "dwarf-with-dsym";
				ENABLE_NS_ASSERTIONS = NO;
				ENABLE_STRICT_OBJC_MSGSEND = YES;
				GCC_C_LANGUAGE_STANDARD = gnu11;
				GCC_NO_COMMON_BLOCKS = YES;
				GCC_WARN_64_TO_32_BIT_CONVERSION = YES;
				GCC_WARN_ABOUT_RETURN_TYPE = YES_ERROR;
				GCC_WARN_UNDECLARED_SELECTOR = YES;
				GCC_WARN_UNINITIALIZED_AUTOS = YES_AGGRESSIVE;
				GCC_WARN_UNUSED_FUNCTION = YES;
				GCC_WARN_UNUSED_VARIABLE = YES;
				IPHONEOS_DEPLOYMENT_TARGET = 13.6;
				MTL_ENABLE_DEBUG_INFO = NO;
				MTL_FAST_MATH = YES;
				SDKROOT = iphoneos;
				SWIFT_COMPILATION_MODE = wholemodule;
				SWIFT_OPTIMIZATION_LEVEL = "-O";
				VALIDATE_PRODUCT = YES;
			};
			name = Release;
		};
		825205BD2538AAD400902B7B /* Debug */ = {
			isa = XCBuildConfiguration;
			buildSettings = {
				ASSETCATALOG_COMPILER_APPICON_NAME = AppIcon;
				CODE_SIGN_STYLE = Automatic;
				INFOPLIST_FILE = diabetes/Info.plist;
				IPHONEOS_DEPLOYMENT_TARGET = 13.1;
				LD_RUNPATH_SEARCH_PATHS = (
					"$(inherited)",
					"@executable_path/Frameworks",
				);
				PRODUCT_BUNDLE_IDENTIFIER = "com.-fajer.diabetes";
				PRODUCT_NAME = "$(TARGET_NAME)";
				SWIFT_VERSION = 5.0;
				TARGETED_DEVICE_FAMILY = "1,2";
			};
			name = Debug;
		};
		825205BE2538AAD400902B7B /* Release */ = {
			isa = XCBuildConfiguration;
			buildSettings = {
				ASSETCATALOG_COMPILER_APPICON_NAME = AppIcon;
				CODE_SIGN_STYLE = Automatic;
				INFOPLIST_FILE = diabetes/Info.plist;
				IPHONEOS_DEPLOYMENT_TARGET = 13.1;
				LD_RUNPATH_SEARCH_PATHS = (
					"$(inherited)",
					"@executable_path/Frameworks",
				);
				PRODUCT_BUNDLE_IDENTIFIER = "com.-fajer.diabetes";
				PRODUCT_NAME = "$(TARGET_NAME)";
				SWIFT_VERSION = 5.0;
				TARGETED_DEVICE_FAMILY = "1,2";
			};
			name = Release;
		};
/* End XCBuildConfiguration section */

/* Begin XCConfigurationList section */
		825205A32538AAD200902B7B /* Build configuration list for PBXProject "diabetes" */ = {
			isa = XCConfigurationList;
			buildConfigurations = (
				825205BA2538AAD400902B7B /* Debug */,
				825205BB2538AAD400902B7B /* Release */,
			);
			defaultConfigurationIsVisible = 0;
			defaultConfigurationName = Release;
		};
		825205BC2538AAD400902B7B /* Build configuration list for PBXNativeTarget "diabetes" */ = {
			isa = XCConfigurationList;
			buildConfigurations = (
				825205BD2538AAD400902B7B /* Debug */,
				825205BE2538AAD400902B7B /* Release */,
			);
			defaultConfigurationIsVisible = 0;
			defaultConfigurationName = Release;
		};
/* End XCConfigurationList section */
	};
	rootObject = 825205A02538AAD200902B7B /* Project object */;
}
